// !$*UTF8*$!
{
	archiveVersion = 1;
	classes = {
	};
	objectVersion = 46;
	objects = {

/* Begin PBXBuildFile section */
		B30A22B42469D87900635AFF /* FraudForce.h in Headers */ = {isa = PBXBuildFile; fileRef = B30A22B32469D87800635AFF /* FraudForce.h */; };
		B30A22B62469D8BF00635AFF /* FraudForce.framework in Frameworks */ = {isa = PBXBuildFile; fileRef = B30A22B52469D8BF00635AFF /* FraudForce.framework */; };
		B30A22B72469D8BF00635AFF /* FraudForce.framework in Embed Frameworks */ = {isa = PBXBuildFile; fileRef = B30A22B52469D8BF00635AFF /* FraudForce.framework */; settings = {ATTRIBUTES = (CodeSignOnCopy, RemoveHeadersOnCopy, ); }; };
		B34C2D801EE849C3005A4DC8 /* NpsGetProductResponse.h in Headers */ = {isa = PBXBuildFile; fileRef = B34C2D7E1EE849C3005A4DC8 /* NpsGetProductResponse.h */; };
		B34C2D811EE849C3005A4DC8 /* NpsGetProductResponse.m in Sources */ = {isa = PBXBuildFile; fileRef = B34C2D7F1EE849C3005A4DC8 /* NpsGetProductResponse.m */; };
		B34C2D841EE86B4E005A4DC8 /* NpsGetInstallmentsOptions.h in Headers */ = {isa = PBXBuildFile; fileRef = B34C2D821EE86B4E005A4DC8 /* NpsGetInstallmentsOptions.h */; };
		B34C2D851EE86B4E005A4DC8 /* NpsGetInstallmentsOptions.m in Sources */ = {isa = PBXBuildFile; fileRef = B34C2D831EE86B4E005A4DC8 /* NpsGetInstallmentsOptions.m */; };
		B34C2D881EE86B9F005A4DC8 /* NpsGetInstallmentsOptionsResponse.h in Headers */ = {isa = PBXBuildFile; fileRef = B34C2D861EE86B9F005A4DC8 /* NpsGetInstallmentsOptionsResponse.h */; };
		B34C2D891EE86B9F005A4DC8 /* NpsGetInstallmentsOptionsResponse.m in Sources */ = {isa = PBXBuildFile; fileRef = B34C2D871EE86B9F005A4DC8 /* NpsGetInstallmentsOptionsResponse.m */; };
		B38B96FD1ECC849800A89908 /* NpsAddress.h in Headers */ = {isa = PBXBuildFile; fileRef = B38B96CF1ECC849800A89908 /* NpsAddress.h */; };
		B38B96FE1ECC849800A89908 /* NpsAddress.m in Sources */ = {isa = PBXBuildFile; fileRef = B38B96D01ECC849800A89908 /* NpsAddress.m */; };
		B38B96FF1ECC849800A89908 /* NpsBilling.h in Headers */ = {isa = PBXBuildFile; fileRef = B38B96D11ECC849800A89908 /* NpsBilling.h */; };
		B38B97001ECC849800A89908 /* NpsBilling.m in Sources */ = {isa = PBXBuildFile; fileRef = B38B96D21ECC849800A89908 /* NpsBilling.m */; };
		B38B97011ECC849800A89908 /* NpsCardDetails.h in Headers */ = {isa = PBXBuildFile; fileRef = B38B96D31ECC849800A89908 /* NpsCardDetails.h */; };
		B38B97021ECC849800A89908 /* NpsCardDetails.m in Sources */ = {isa = PBXBuildFile; fileRef = B38B96D41ECC849800A89908 /* NpsCardDetails.m */; };
		B38B97031ECC849800A89908 /* NpsConfiguration.h in Headers */ = {isa = PBXBuildFile; fileRef = B38B96D51ECC849800A89908 /* NpsConfiguration.h */; };
		B38B97041ECC849800A89908 /* NpsConfiguration.m in Sources */ = {isa = PBXBuildFile; fileRef = B38B96D61ECC849800A89908 /* NpsConfiguration.m */; };
		B38B97051ECC849800A89908 /* NpsCreateClientSession.h in Headers */ = {isa = PBXBuildFile; fileRef = B38B96D71ECC849800A89908 /* NpsCreateClientSession.h */; };
		B38B97061ECC849800A89908 /* NpsCreateClientSession.m in Sources */ = {isa = PBXBuildFile; fileRef = B38B96D81ECC849800A89908 /* NpsCreateClientSession.m */; };
		B38B97071ECC849800A89908 /* NpsCreatePaymentMethodToken.h in Headers */ = {isa = PBXBuildFile; fileRef = B38B96D91ECC849800A89908 /* NpsCreatePaymentMethodToken.h */; };
		B38B97081ECC849800A89908 /* NpsCreatePaymentMethodToken.m in Sources */ = {isa = PBXBuildFile; fileRef = B38B96DA1ECC849800A89908 /* NpsCreatePaymentMethodToken.m */; };
		B38B97091ECC849800A89908 /* NpsCreatePaymentMethodTokenResponse.h in Headers */ = {isa = PBXBuildFile; fileRef = B38B96DB1ECC849800A89908 /* NpsCreatePaymentMethodTokenResponse.h */; };
		B38B970A1ECC849800A89908 /* NpsCreatePaymentMethodTokenResponse.m in Sources */ = {isa = PBXBuildFile; fileRef = B38B96DC1ECC849800A89908 /* NpsCreatePaymentMethodTokenResponse.m */; };
		B38B970B1ECC849800A89908 /* NpsEnvironments.h in Headers */ = {isa = PBXBuildFile; fileRef = B38B96DD1ECC849800A89908 /* NpsEnvironments.h */; };
		B38B970C1ECC849800A89908 /* NpsEnvironments.m in Sources */ = {isa = PBXBuildFile; fileRef = B38B96DE1ECC849800A89908 /* NpsEnvironments.m */; };
		B38B970D1ECC849800A89908 /* NpsGetIINDetails.h in Headers */ = {isa = PBXBuildFile; fileRef = B38B96DF1ECC849800A89908 /* NpsGetIINDetails.h */; };
		B38B970E1ECC849800A89908 /* NpsGetIINDetails.m in Sources */ = {isa = PBXBuildFile; fileRef = B38B96E01ECC849800A89908 /* NpsGetIINDetails.m */; };
		B38B970F1ECC849800A89908 /* NpsGetIINDetailsResponse.h in Headers */ = {isa = PBXBuildFile; fileRef = B38B96E11ECC849800A89908 /* NpsGetIINDetailsResponse.h */; };
		B38B97101ECC849800A89908 /* NpsGetIINDetailsResponse.m in Sources */ = {isa = PBXBuildFile; fileRef = B38B96E21ECC849800A89908 /* NpsGetIINDetailsResponse.m */; };
		B38B97111ECC849800A89908 /* NpsMethod.h in Headers */ = {isa = PBXBuildFile; fileRef = B38B96E31ECC849800A89908 /* NpsMethod.h */; };
		B38B97121ECC849800A89908 /* NpsMethod.m in Sources */ = {isa = PBXBuildFile; fileRef = B38B96E41ECC849800A89908 /* NpsMethod.m */; };
		B38B97131ECC849800A89908 /* NpsMethodResponse.h in Headers */ = {isa = PBXBuildFile; fileRef = B38B96E51ECC849800A89908 /* NpsMethodResponse.h */; };
		B38B97141ECC849800A89908 /* NpsMethodResponse.m in Sources */ = {isa = PBXBuildFile; fileRef = B38B96E61ECC849800A89908 /* NpsMethodResponse.m */; };
		B38B97151ECC849800A89908 /* NpsSoapClient.h in Headers */ = {isa = PBXBuildFile; fileRef = B38B96E71ECC849800A89908 /* NpsSoapClient.h */; settings = {ATTRIBUTES = (Private, ); }; };
		B38B97161ECC849800A89908 /* NpsSoapClient.m in Sources */ = {isa = PBXBuildFile; fileRef = B38B96E81ECC849800A89908 /* NpsSoapClient.m */; };
		B38B97171ECC849800A89908 /* NpsPerson.h in Headers */ = {isa = PBXBuildFile; fileRef = B38B96E91ECC849800A89908 /* NpsPerson.h */; };
		B38B97181ECC849800A89908 /* NpsPerson.m in Sources */ = {isa = PBXBuildFile; fileRef = B38B96EA1ECC849800A89908 /* NpsPerson.m */; };
		B38B97191ECC849800A89908 /* NpsRecachePaymentMethodToken.h in Headers */ = {isa = PBXBuildFile; fileRef = B38B96EB1ECC849800A89908 /* NpsRecachePaymentMethodToken.h */; };
		B38B971A1ECC849800A89908 /* NpsRecachePaymentMethodToken.m in Sources */ = {isa = PBXBuildFile; fileRef = B38B96EC1ECC849800A89908 /* NpsRecachePaymentMethodToken.m */; };
		B38B971B1ECC849800A89908 /* NpsRecachePaymentMethodTokenResponse.h in Headers */ = {isa = PBXBuildFile; fileRef = B38B96ED1ECC849800A89908 /* NpsRecachePaymentMethodTokenResponse.h */; };
		B38B971C1ECC849800A89908 /* NpsRecachePaymentMethodTokenResponse.m in Sources */ = {isa = PBXBuildFile; fileRef = B38B96EE1ECC849800A89908 /* NpsRecachePaymentMethodTokenResponse.m */; };
		B38B971D1ECC849800A89908 /* NpsRetrievePaymentMethodToken.h in Headers */ = {isa = PBXBuildFile; fileRef = B38B96EF1ECC849800A89908 /* NpsRetrievePaymentMethodToken.h */; };
		B38B971E1ECC849800A89908 /* NpsRetrievePaymentMethodToken.m in Sources */ = {isa = PBXBuildFile; fileRef = B38B96F01ECC849800A89908 /* NpsRetrievePaymentMethodToken.m */; };
		B38B971F1ECC849800A89908 /* NpsRetrievePaymentMethodTokenResponse.h in Headers */ = {isa = PBXBuildFile; fileRef = B38B96F11ECC849800A89908 /* NpsRetrievePaymentMethodTokenResponse.h */; };
		B38B97201ECC849800A89908 /* NpsRetrievePaymentMethodTokenResponse.m in Sources */ = {isa = PBXBuildFile; fileRef = B38B96F21ECC849800A89908 /* NpsRetrievePaymentMethodTokenResponse.m */; };
		B38B97211ECC849800A89908 /* NpsRootParameters.h in Headers */ = {isa = PBXBuildFile; fileRef = B38B96F31ECC849800A89908 /* NpsRootParameters.h */; };
		B38B97221ECC849800A89908 /* NpsRootParameters.m in Sources */ = {isa = PBXBuildFile; fileRef = B38B96F41ECC849800A89908 /* NpsRootParameters.m */; };
		B38B97231ECC849800A89908 /* STHTTPRequest.h in Headers */ = {isa = PBXBuildFile; fileRef = B38B96F51ECC849800A89908 /* STHTTPRequest.h */; };
		B38B97241ECC849800A89908 /* STHTTPRequest.m in Sources */ = {isa = PBXBuildFile; fileRef = B38B96F61ECC849800A89908 /* STHTTPRequest.m */; };
		B38B97251ECC849800A89908 /* NpsUtilities.h in Headers */ = {isa = PBXBuildFile; fileRef = B38B96F71ECC849800A89908 /* NpsUtilities.h */; };
		B38B97261ECC849800A89908 /* NpsUtilities.m in Sources */ = {isa = PBXBuildFile; fileRef = B38B96F81ECC849800A89908 /* NpsUtilities.m */; };
		B38B97271ECC849800A89908 /* NpsXmlNode.h in Headers */ = {isa = PBXBuildFile; fileRef = B38B96F91ECC849800A89908 /* NpsXmlNode.h */; };
		B38B97281ECC849800A89908 /* NpsXmlNode.m in Sources */ = {isa = PBXBuildFile; fileRef = B38B96FA1ECC849800A89908 /* NpsXmlNode.m */; };
		B38B97291ECC849800A89908 /* XMLReader.h in Headers */ = {isa = PBXBuildFile; fileRef = B38B96FB1ECC849800A89908 /* XMLReader.h */; };
		B38B972A1ECC849800A89908 /* XMLReader.m in Sources */ = {isa = PBXBuildFile; fileRef = B38B96FC1ECC849800A89908 /* XMLReader.m */; };
		B38B97311ECC895D00A89908 /* CoreTelephony.framework in Frameworks */ = {isa = PBXBuildFile; fileRef = B38B97301ECC895D00A89908 /* CoreTelephony.framework */; };
		B38B97331ECC896600A89908 /* SystemConfiguration.framework in Frameworks */ = {isa = PBXBuildFile; fileRef = B38B97321ECC896600A89908 /* SystemConfiguration.framework */; };
		B38B97351ECC896C00A89908 /* CoreLocation.framework in Frameworks */ = {isa = PBXBuildFile; fileRef = B38B97341ECC896C00A89908 /* CoreLocation.framework */; };
		B38B97371ECC89B100A89908 /* AdSupport.framework in Frameworks */ = {isa = PBXBuildFile; fileRef = B38B97361ECC89B100A89908 /* AdSupport.framework */; };
		B38B97391ECC89BB00A89908 /* Foundation.framework in Frameworks */ = {isa = PBXBuildFile; fileRef = B38B97381ECC89BB00A89908 /* Foundation.framework */; };
		B38B973B1ECC89C800A89908 /* ExternalAccessory.framework in Frameworks */ = {isa = PBXBuildFile; fileRef = B38B973A1ECC89C800A89908 /* ExternalAccessory.framework */; };
		B38B973D1ECC8A1B00A89908 /* CoreFoundation.framework in Frameworks */ = {isa = PBXBuildFile; fileRef = B38B973C1ECC8A1B00A89908 /* CoreFoundation.framework */; };
		B38B97461ECC8F2900A89908 /* UIKit.framework in Frameworks */ = {isa = PBXBuildFile; fileRef = B38B97451ECC8F2900A89908 /* UIKit.framework */; };
		B3DBD4741ECB20A3000A7739 /* npsSdk.framework in Frameworks */ = {isa = PBXBuildFile; fileRef = B3DBD46A1ECB20A3000A7739 /* npsSdk.framework */; };
		B3DBD4791ECB20A3000A7739 /* npsSdkTests.m in Sources */ = {isa = PBXBuildFile; fileRef = B3DBD4781ECB20A3000A7739 /* npsSdkTests.m */; };
		B3DBD47B1ECB20A3000A7739 /* npsSdk.h in Headers */ = {isa = PBXBuildFile; fileRef = B3DBD46D1ECB20A3000A7739 /* npsSdk.h */; settings = {ATTRIBUTES = (Public, ); }; };
		B3DBD4C31ECB3662000A7739 /* Nps.h in Headers */ = {isa = PBXBuildFile; fileRef = B3DBD4BA1ECB3662000A7739 /* Nps.h */; };
		B3DBD4C41ECB3662000A7739 /* Nps.m in Sources */ = {isa = PBXBuildFile; fileRef = B3DBD4BB1ECB3662000A7739 /* Nps.m */; };
		B3DBD4C51ECB3662000A7739 /* README.md in Sources */ = {isa = PBXBuildFile; fileRef = B3DBD4BC1ECB3662000A7739 /* README.md */; };
		B3DBD4CF1ECC751B000A7739 /* npsSdk.podspec in Resources */ = {isa = PBXBuildFile; fileRef = B3DBD4CD1ECC751B000A7739 /* npsSdk.podspec */; };
		B3DBD4D01ECC751B000A7739 /* Podfile in Resources */ = {isa = PBXBuildFile; fileRef = B3DBD4CE1ECC751B000A7739 /* Podfile */; };
		B3DBD4D21ECC75B1000A7739 /* LICENCE in Resources */ = {isa = PBXBuildFile; fileRef = B3DBD4D11ECC75B1000A7739 /* LICENCE */; };
		B3EADBB91EEEC27500386E16 /* NpsInstallments.h in Headers */ = {isa = PBXBuildFile; fileRef = B3EADBB71EEEC27500386E16 /* NpsInstallments.h */; };
		B3EADBBA1EEEC27500386E16 /* NpsInstallments.m in Sources */ = {isa = PBXBuildFile; fileRef = B3EADBB81EEEC27500386E16 /* NpsInstallments.m */; };
		B3EADBC01EF802AB00386E16 /* DevicePrint.h in Headers */ = {isa = PBXBuildFile; fileRef = B3EADBBE1EF802AB00386E16 /* DevicePrint.h */; };
/* End PBXBuildFile section */

/* Begin PBXContainerItemProxy section */
		B3DBD4751ECB20A3000A7739 /* PBXContainerItemProxy */ = {
			isa = PBXContainerItemProxy;
			containerPortal = B3DBD4611ECB20A3000A7739 /* Project object */;
			proxyType = 1;
			remoteGlobalIDString = B3DBD4691ECB20A3000A7739;
			remoteInfo = npsSdk;
		};
/* End PBXContainerItemProxy section */

/* Begin PBXCopyFilesBuildPhase section */
		B30A22B82469D8BF00635AFF /* Embed Frameworks */ = {
			isa = PBXCopyFilesBuildPhase;
			buildActionMask = 2147483647;
			dstPath = "";
			dstSubfolderSpec = 10;
			files = (
				B30A22B72469D8BF00635AFF /* FraudForce.framework in Embed Frameworks */,
			);
			name = "Embed Frameworks";
			runOnlyForDeploymentPostprocessing = 0;
		};
/* End PBXCopyFilesBuildPhase section */

/* Begin PBXFileReference section */
		B30A22A92461F02E00635AFF /* FraudForce.framework */ = {isa = PBXFileReference; lastKnownFileType = wrapper.framework; name = FraudForce.framework; path = Carthage/Build/iOS/FraudForce.framework; sourceTree = "<group>"; };
		B30A22B32469D87800635AFF /* FraudForce.h */ = {isa = PBXFileReference; fileEncoding = 4; lastKnownFileType = sourcecode.c.h; path = FraudForce.h; sourceTree = "<group>"; };
		B30A22B52469D8BF00635AFF /* FraudForce.framework */ = {isa = PBXFileReference; lastKnownFileType = wrapper.framework; name = FraudForce.framework; path = Frameworks/FraudForce.framework; sourceTree = "<group>"; };
		B34C2D7E1EE849C3005A4DC8 /* NpsGetProductResponse.h */ = {isa = PBXFileReference; fileEncoding = 4; lastKnownFileType = sourcecode.c.h; path = NpsGetProductResponse.h; sourceTree = "<group>"; };
		B34C2D7F1EE849C3005A4DC8 /* NpsGetProductResponse.m */ = {isa = PBXFileReference; fileEncoding = 4; lastKnownFileType = sourcecode.c.objc; path = NpsGetProductResponse.m; sourceTree = "<group>"; };
		B34C2D821EE86B4E005A4DC8 /* NpsGetInstallmentsOptions.h */ = {isa = PBXFileReference; fileEncoding = 4; lastKnownFileType = sourcecode.c.h; lineEnding = 0; path = NpsGetInstallmentsOptions.h; sourceTree = "<group>"; xcLanguageSpecificationIdentifier = xcode.lang.objcpp; };
		B34C2D831EE86B4E005A4DC8 /* NpsGetInstallmentsOptions.m */ = {isa = PBXFileReference; fileEncoding = 4; lastKnownFileType = sourcecode.c.objc; lineEnding = 0; path = NpsGetInstallmentsOptions.m; sourceTree = "<group>"; xcLanguageSpecificationIdentifier = xcode.lang.objc; };
		B34C2D861EE86B9F005A4DC8 /* NpsGetInstallmentsOptionsResponse.h */ = {isa = PBXFileReference; fileEncoding = 4; lastKnownFileType = sourcecode.c.h; path = NpsGetInstallmentsOptionsResponse.h; sourceTree = "<group>"; };
		B34C2D871EE86B9F005A4DC8 /* NpsGetInstallmentsOptionsResponse.m */ = {isa = PBXFileReference; fileEncoding = 4; lastKnownFileType = sourcecode.c.objc; path = NpsGetInstallmentsOptionsResponse.m; sourceTree = "<group>"; };
		B38B96CF1ECC849800A89908 /* NpsAddress.h */ = {isa = PBXFileReference; fileEncoding = 4; lastKnownFileType = sourcecode.c.h; lineEnding = 0; path = NpsAddress.h; sourceTree = "<group>"; xcLanguageSpecificationIdentifier = xcode.lang.objcpp; };
		B38B96D01ECC849800A89908 /* NpsAddress.m */ = {isa = PBXFileReference; fileEncoding = 4; lastKnownFileType = sourcecode.c.objc; lineEnding = 0; path = NpsAddress.m; sourceTree = "<group>"; xcLanguageSpecificationIdentifier = xcode.lang.objc; };
		B38B96D11ECC849800A89908 /* NpsBilling.h */ = {isa = PBXFileReference; fileEncoding = 4; lastKnownFileType = sourcecode.c.h; lineEnding = 0; path = NpsBilling.h; sourceTree = "<group>"; xcLanguageSpecificationIdentifier = xcode.lang.objcpp; };
		B38B96D21ECC849800A89908 /* NpsBilling.m */ = {isa = PBXFileReference; fileEncoding = 4; lastKnownFileType = sourcecode.c.objc; lineEnding = 0; path = NpsBilling.m; sourceTree = "<group>"; xcLanguageSpecificationIdentifier = xcode.lang.objc; };
		B38B96D31ECC849800A89908 /* NpsCardDetails.h */ = {isa = PBXFileReference; fileEncoding = 4; lastKnownFileType = sourcecode.c.h; path = NpsCardDetails.h; sourceTree = "<group>"; };
		B38B96D41ECC849800A89908 /* NpsCardDetails.m */ = {isa = PBXFileReference; fileEncoding = 4; lastKnownFileType = sourcecode.c.objc; lineEnding = 0; path = NpsCardDetails.m; sourceTree = "<group>"; xcLanguageSpecificationIdentifier = xcode.lang.objc; };
		B38B96D51ECC849800A89908 /* NpsConfiguration.h */ = {isa = PBXFileReference; fileEncoding = 4; lastKnownFileType = sourcecode.c.h; path = NpsConfiguration.h; sourceTree = "<group>"; };
		B38B96D61ECC849800A89908 /* NpsConfiguration.m */ = {isa = PBXFileReference; fileEncoding = 4; lastKnownFileType = sourcecode.c.objc; path = NpsConfiguration.m; sourceTree = "<group>"; };
		B38B96D71ECC849800A89908 /* NpsCreateClientSession.h */ = {isa = PBXFileReference; fileEncoding = 4; lastKnownFileType = sourcecode.c.h; lineEnding = 0; path = NpsCreateClientSession.h; sourceTree = "<group>"; xcLanguageSpecificationIdentifier = xcode.lang.objcpp; };
		B38B96D81ECC849800A89908 /* NpsCreateClientSession.m */ = {isa = PBXFileReference; fileEncoding = 4; lastKnownFileType = sourcecode.c.objc; path = NpsCreateClientSession.m; sourceTree = "<group>"; };
		B38B96D91ECC849800A89908 /* NpsCreatePaymentMethodToken.h */ = {isa = PBXFileReference; fileEncoding = 4; lastKnownFileType = sourcecode.c.h; lineEnding = 0; path = NpsCreatePaymentMethodToken.h; sourceTree = "<group>"; xcLanguageSpecificationIdentifier = xcode.lang.objcpp; };
		B38B96DA1ECC849800A89908 /* NpsCreatePaymentMethodToken.m */ = {isa = PBXFileReference; fileEncoding = 4; lastKnownFileType = sourcecode.c.objc; lineEnding = 0; path = NpsCreatePaymentMethodToken.m; sourceTree = "<group>"; xcLanguageSpecificationIdentifier = xcode.lang.objc; };
		B38B96DB1ECC849800A89908 /* NpsCreatePaymentMethodTokenResponse.h */ = {isa = PBXFileReference; fileEncoding = 4; lastKnownFileType = sourcecode.c.h; lineEnding = 0; path = NpsCreatePaymentMethodTokenResponse.h; sourceTree = "<group>"; xcLanguageSpecificationIdentifier = xcode.lang.objcpp; };
		B38B96DC1ECC849800A89908 /* NpsCreatePaymentMethodTokenResponse.m */ = {isa = PBXFileReference; fileEncoding = 4; lastKnownFileType = sourcecode.c.objc; lineEnding = 0; path = NpsCreatePaymentMethodTokenResponse.m; sourceTree = "<group>"; xcLanguageSpecificationIdentifier = xcode.lang.objc; };
		B38B96DD1ECC849800A89908 /* NpsEnvironments.h */ = {isa = PBXFileReference; fileEncoding = 4; lastKnownFileType = sourcecode.c.h; path = NpsEnvironments.h; sourceTree = "<group>"; };
		B38B96DE1ECC849800A89908 /* NpsEnvironments.m */ = {isa = PBXFileReference; fileEncoding = 4; lastKnownFileType = sourcecode.c.objc; path = NpsEnvironments.m; sourceTree = "<group>"; };
		B38B96DF1ECC849800A89908 /* NpsGetIINDetails.h */ = {isa = PBXFileReference; fileEncoding = 4; lastKnownFileType = sourcecode.c.h; lineEnding = 0; path = NpsGetIINDetails.h; sourceTree = "<group>"; xcLanguageSpecificationIdentifier = xcode.lang.objcpp; };
		B38B96E01ECC849800A89908 /* NpsGetIINDetails.m */ = {isa = PBXFileReference; fileEncoding = 4; lastKnownFileType = sourcecode.c.objc; lineEnding = 0; path = NpsGetIINDetails.m; sourceTree = "<group>"; xcLanguageSpecificationIdentifier = xcode.lang.objc; };
		B38B96E11ECC849800A89908 /* NpsGetIINDetailsResponse.h */ = {isa = PBXFileReference; fileEncoding = 4; lastKnownFileType = sourcecode.c.h; path = NpsGetIINDetailsResponse.h; sourceTree = "<group>"; };
		B38B96E21ECC849800A89908 /* NpsGetIINDetailsResponse.m */ = {isa = PBXFileReference; fileEncoding = 4; lastKnownFileType = sourcecode.c.objc; lineEnding = 0; path = NpsGetIINDetailsResponse.m; sourceTree = "<group>"; xcLanguageSpecificationIdentifier = xcode.lang.objc; };
		B38B96E31ECC849800A89908 /* NpsMethod.h */ = {isa = PBXFileReference; fileEncoding = 4; lastKnownFileType = sourcecode.c.h; path = NpsMethod.h; sourceTree = "<group>"; };
		B38B96E41ECC849800A89908 /* NpsMethod.m */ = {isa = PBXFileReference; fileEncoding = 4; lastKnownFileType = sourcecode.c.objc; path = NpsMethod.m; sourceTree = "<group>"; };
		B38B96E51ECC849800A89908 /* NpsMethodResponse.h */ = {isa = PBXFileReference; fileEncoding = 4; lastKnownFileType = sourcecode.c.h; path = NpsMethodResponse.h; sourceTree = "<group>"; };
		B38B96E61ECC849800A89908 /* NpsMethodResponse.m */ = {isa = PBXFileReference; fileEncoding = 4; lastKnownFileType = sourcecode.c.objc; path = NpsMethodResponse.m; sourceTree = "<group>"; };
		B38B96E71ECC849800A89908 /* NpsSoapClient.h */ = {isa = PBXFileReference; fileEncoding = 4; lastKnownFileType = sourcecode.c.h; path = NpsSoapClient.h; sourceTree = "<group>"; };
		B38B96E81ECC849800A89908 /* NpsSoapClient.m */ = {isa = PBXFileReference; fileEncoding = 4; lastKnownFileType = sourcecode.c.objc; path = NpsSoapClient.m; sourceTree = "<group>"; };
		B38B96E91ECC849800A89908 /* NpsPerson.h */ = {isa = PBXFileReference; fileEncoding = 4; lastKnownFileType = sourcecode.c.h; path = NpsPerson.h; sourceTree = "<group>"; };
		B38B96EA1ECC849800A89908 /* NpsPerson.m */ = {isa = PBXFileReference; fileEncoding = 4; lastKnownFileType = sourcecode.c.objc; lineEnding = 0; path = NpsPerson.m; sourceTree = "<group>"; xcLanguageSpecificationIdentifier = xcode.lang.objc; };
		B38B96EB1ECC849800A89908 /* NpsRecachePaymentMethodToken.h */ = {isa = PBXFileReference; fileEncoding = 4; lastKnownFileType = sourcecode.c.h; lineEnding = 0; path = NpsRecachePaymentMethodToken.h; sourceTree = "<group>"; xcLanguageSpecificationIdentifier = xcode.lang.objcpp; };
		B38B96EC1ECC849800A89908 /* NpsRecachePaymentMethodToken.m */ = {isa = PBXFileReference; fileEncoding = 4; lastKnownFileType = sourcecode.c.objc; lineEnding = 0; path = NpsRecachePaymentMethodToken.m; sourceTree = "<group>"; xcLanguageSpecificationIdentifier = xcode.lang.objc; };
		B38B96ED1ECC849800A89908 /* NpsRecachePaymentMethodTokenResponse.h */ = {isa = PBXFileReference; fileEncoding = 4; lastKnownFileType = sourcecode.c.h; lineEnding = 0; path = NpsRecachePaymentMethodTokenResponse.h; sourceTree = "<group>"; xcLanguageSpecificationIdentifier = xcode.lang.objcpp; };
		B38B96EE1ECC849800A89908 /* NpsRecachePaymentMethodTokenResponse.m */ = {isa = PBXFileReference; fileEncoding = 4; lastKnownFileType = sourcecode.c.objc; lineEnding = 0; path = NpsRecachePaymentMethodTokenResponse.m; sourceTree = "<group>"; xcLanguageSpecificationIdentifier = xcode.lang.objc; };
		B38B96EF1ECC849800A89908 /* NpsRetrievePaymentMethodToken.h */ = {isa = PBXFileReference; fileEncoding = 4; lastKnownFileType = sourcecode.c.h; path = NpsRetrievePaymentMethodToken.h; sourceTree = "<group>"; };
		B38B96F01ECC849800A89908 /* NpsRetrievePaymentMethodToken.m */ = {isa = PBXFileReference; fileEncoding = 4; lastKnownFileType = sourcecode.c.objc; path = NpsRetrievePaymentMethodToken.m; sourceTree = "<group>"; };
		B38B96F11ECC849800A89908 /* NpsRetrievePaymentMethodTokenResponse.h */ = {isa = PBXFileReference; fileEncoding = 4; lastKnownFileType = sourcecode.c.h; lineEnding = 0; path = NpsRetrievePaymentMethodTokenResponse.h; sourceTree = "<group>"; xcLanguageSpecificationIdentifier = xcode.lang.objcpp; };
		B38B96F21ECC849800A89908 /* NpsRetrievePaymentMethodTokenResponse.m */ = {isa = PBXFileReference; fileEncoding = 4; lastKnownFileType = sourcecode.c.objc; path = NpsRetrievePaymentMethodTokenResponse.m; sourceTree = "<group>"; };
		B38B96F31ECC849800A89908 /* NpsRootParameters.h */ = {isa = PBXFileReference; fileEncoding = 4; lastKnownFileType = sourcecode.c.h; path = NpsRootParameters.h; sourceTree = "<group>"; };
		B38B96F41ECC849800A89908 /* NpsRootParameters.m */ = {isa = PBXFileReference; fileEncoding = 4; lastKnownFileType = sourcecode.c.objc; path = NpsRootParameters.m; sourceTree = "<group>"; };
		B38B96F51ECC849800A89908 /* STHTTPRequest.h */ = {isa = PBXFileReference; fileEncoding = 4; lastKnownFileType = sourcecode.c.h; path = STHTTPRequest.h; sourceTree = "<group>"; };
		B38B96F61ECC849800A89908 /* STHTTPRequest.m */ = {isa = PBXFileReference; fileEncoding = 4; lastKnownFileType = sourcecode.c.objc; path = STHTTPRequest.m; sourceTree = "<group>"; };
		B38B96F71ECC849800A89908 /* NpsUtilities.h */ = {isa = PBXFileReference; fileEncoding = 4; lastKnownFileType = sourcecode.c.h; path = NpsUtilities.h; sourceTree = "<group>"; };
		B38B96F81ECC849800A89908 /* NpsUtilities.m */ = {isa = PBXFileReference; fileEncoding = 4; lastKnownFileType = sourcecode.c.objc; path = NpsUtilities.m; sourceTree = "<group>"; };
		B38B96F91ECC849800A89908 /* NpsXmlNode.h */ = {isa = PBXFileReference; fileEncoding = 4; lastKnownFileType = sourcecode.c.h; path = NpsXmlNode.h; sourceTree = "<group>"; };
		B38B96FA1ECC849800A89908 /* NpsXmlNode.m */ = {isa = PBXFileReference; fileEncoding = 4; lastKnownFileType = sourcecode.c.objc; path = NpsXmlNode.m; sourceTree = "<group>"; };
		B38B96FB1ECC849800A89908 /* XMLReader.h */ = {isa = PBXFileReference; fileEncoding = 4; lastKnownFileType = sourcecode.c.h; path = XMLReader.h; sourceTree = "<group>"; };
		B38B96FC1ECC849800A89908 /* XMLReader.m */ = {isa = PBXFileReference; fileEncoding = 4; lastKnownFileType = sourcecode.c.objc; path = XMLReader.m; sourceTree = "<group>"; };
		B38B972D1ECC895500A89908 /* npsSdk.xcodeproj */ = {isa = PBXFileReference; lastKnownFileType = "wrapper.pb-project"; path = npsSdk.xcodeproj; sourceTree = "<group>"; };
		B38B97301ECC895D00A89908 /* CoreTelephony.framework */ = {isa = PBXFileReference; lastKnownFileType = wrapper.framework; name = CoreTelephony.framework; path = System/Library/Frameworks/CoreTelephony.framework; sourceTree = SDKROOT; };
		B38B97321ECC896600A89908 /* SystemConfiguration.framework */ = {isa = PBXFileReference; lastKnownFileType = wrapper.framework; name = SystemConfiguration.framework; path = System/Library/Frameworks/SystemConfiguration.framework; sourceTree = SDKROOT; };
		B38B97341ECC896C00A89908 /* CoreLocation.framework */ = {isa = PBXFileReference; lastKnownFileType = wrapper.framework; name = CoreLocation.framework; path = System/Library/Frameworks/CoreLocation.framework; sourceTree = SDKROOT; };
		B38B97361ECC89B100A89908 /* AdSupport.framework */ = {isa = PBXFileReference; lastKnownFileType = wrapper.framework; name = AdSupport.framework; path = System/Library/Frameworks/AdSupport.framework; sourceTree = SDKROOT; };
		B38B97381ECC89BB00A89908 /* Foundation.framework */ = {isa = PBXFileReference; lastKnownFileType = wrapper.framework; name = Foundation.framework; path = System/Library/Frameworks/Foundation.framework; sourceTree = SDKROOT; };
		B38B973A1ECC89C800A89908 /* ExternalAccessory.framework */ = {isa = PBXFileReference; lastKnownFileType = wrapper.framework; name = ExternalAccessory.framework; path = System/Library/Frameworks/ExternalAccessory.framework; sourceTree = SDKROOT; };
		B38B973C1ECC8A1B00A89908 /* CoreFoundation.framework */ = {isa = PBXFileReference; lastKnownFileType = wrapper.framework; name = CoreFoundation.framework; path = System/Library/Frameworks/CoreFoundation.framework; sourceTree = SDKROOT; };
		B38B97451ECC8F2900A89908 /* UIKit.framework */ = {isa = PBXFileReference; lastKnownFileType = wrapper.framework; name = UIKit.framework; path = System/Library/Frameworks/UIKit.framework; sourceTree = SDKROOT; };
		B3DBD46A1ECB20A3000A7739 /* npsSdk.framework */ = {isa = PBXFileReference; explicitFileType = wrapper.framework; includeInIndex = 0; path = npsSdk.framework; sourceTree = BUILT_PRODUCTS_DIR; };
		B3DBD46D1ECB20A3000A7739 /* npsSdk.h */ = {isa = PBXFileReference; lastKnownFileType = sourcecode.c.h; lineEnding = 0; path = npsSdk.h; sourceTree = "<group>"; xcLanguageSpecificationIdentifier = xcode.lang.objcpp; };
		B3DBD46E1ECB20A3000A7739 /* Info.plist */ = {isa = PBXFileReference; lastKnownFileType = text.plist.xml; path = Info.plist; sourceTree = "<group>"; };
		B3DBD4731ECB20A3000A7739 /* npsSdkTests.xctest */ = {isa = PBXFileReference; explicitFileType = wrapper.cfbundle; includeInIndex = 0; path = npsSdkTests.xctest; sourceTree = BUILT_PRODUCTS_DIR; };
		B3DBD4781ECB20A3000A7739 /* npsSdkTests.m */ = {isa = PBXFileReference; lastKnownFileType = sourcecode.c.objc; lineEnding = 0; path = npsSdkTests.m; sourceTree = "<group>"; xcLanguageSpecificationIdentifier = xcode.lang.objc; };
		B3DBD47A1ECB20A3000A7739 /* Info.plist */ = {isa = PBXFileReference; lastKnownFileType = text.plist.xml; path = Info.plist; sourceTree = "<group>"; };
		B3DBD4BA1ECB3662000A7739 /* Nps.h */ = {isa = PBXFileReference; fileEncoding = 4; lastKnownFileType = sourcecode.c.h; path = Nps.h; sourceTree = "<group>"; };
		B3DBD4BB1ECB3662000A7739 /* Nps.m */ = {isa = PBXFileReference; fileEncoding = 4; lastKnownFileType = sourcecode.c.objc; lineEnding = 0; path = Nps.m; sourceTree = "<group>"; xcLanguageSpecificationIdentifier = xcode.lang.objc; };
		B3DBD4BC1ECB3662000A7739 /* README.md */ = {isa = PBXFileReference; fileEncoding = 4; lastKnownFileType = net.daringfireball.markdown; path = README.md; sourceTree = "<group>"; };
		B3DBD4CD1ECC751B000A7739 /* npsSdk.podspec */ = {isa = PBXFileReference; fileEncoding = 4; lastKnownFileType = text; lineEnding = 0; path = npsSdk.podspec; sourceTree = SOURCE_ROOT; xcLanguageSpecificationIdentifier = "<none>"; };
		B3DBD4CE1ECC751B000A7739 /* Podfile */ = {isa = PBXFileReference; fileEncoding = 4; lastKnownFileType = text; path = Podfile; sourceTree = SOURCE_ROOT; xcLanguageSpecificationIdentifier = xcode.lang.ruby; };
		B3DBD4D11ECC75B1000A7739 /* LICENCE */ = {isa = PBXFileReference; fileEncoding = 4; lastKnownFileType = text; name = LICENCE; path = ../LICENCE; sourceTree = "<group>"; };
		B3EADBB71EEEC27500386E16 /* NpsInstallments.h */ = {isa = PBXFileReference; fileEncoding = 4; lastKnownFileType = sourcecode.c.h; path = NpsInstallments.h; sourceTree = "<group>"; };
		B3EADBB81EEEC27500386E16 /* NpsInstallments.m */ = {isa = PBXFileReference; fileEncoding = 4; lastKnownFileType = sourcecode.c.objc; path = NpsInstallments.m; sourceTree = "<group>"; };
		B3EADBBE1EF802AB00386E16 /* DevicePrint.h */ = {isa = PBXFileReference; fileEncoding = 4; lastKnownFileType = sourcecode.c.h; path = DevicePrint.h; sourceTree = "<group>"; };
		B3EADBC41EF8062400386E16 /* iovation.framework */ = {isa = PBXFileReference; lastKnownFileType = wrapper.framework; name = iovation.framework; path = Frameworks/iovation.framework; sourceTree = "<group>"; };
/* End PBXFileReference section */

/* Begin PBXFrameworksBuildPhase section */
		B3DBD4661ECB20A3000A7739 /* Frameworks */ = {
			isa = PBXFrameworksBuildPhase;
			buildActionMask = 2147483647;
			files = (
				B38B97461ECC8F2900A89908 /* UIKit.framework in Frameworks */,
				B38B973D1ECC8A1B00A89908 /* CoreFoundation.framework in Frameworks */,
				B38B973B1ECC89C800A89908 /* ExternalAccessory.framework in Frameworks */,
				B38B97391ECC89BB00A89908 /* Foundation.framework in Frameworks */,
				B38B97371ECC89B100A89908 /* AdSupport.framework in Frameworks */,
				B38B97351ECC896C00A89908 /* CoreLocation.framework in Frameworks */,
				B30A22B62469D8BF00635AFF /* FraudForce.framework in Frameworks */,
				B38B97331ECC896600A89908 /* SystemConfiguration.framework in Frameworks */,
				B38B97311ECC895D00A89908 /* CoreTelephony.framework in Frameworks */,
			);
			runOnlyForDeploymentPostprocessing = 0;
		};
		B3DBD4701ECB20A3000A7739 /* Frameworks */ = {
			isa = PBXFrameworksBuildPhase;
			buildActionMask = 2147483647;
			files = (
				B3DBD4741ECB20A3000A7739 /* npsSdk.framework in Frameworks */,
			);
			runOnlyForDeploymentPostprocessing = 0;
		};
/* End PBXFrameworksBuildPhase section */

/* Begin PBXGroup section */
		37D2DCC53C1D6A00613CF4A2 /* Frameworks */ = {
			isa = PBXGroup;
			children = (
				B30A22A92461F02E00635AFF /* FraudForce.framework */,
				B30A22B52469D8BF00635AFF /* FraudForce.framework */,
				B3EADBC41EF8062400386E16 /* iovation.framework */,
				B38B97451ECC8F2900A89908 /* UIKit.framework */,
				B38B973C1ECC8A1B00A89908 /* CoreFoundation.framework */,
				B38B973A1ECC89C800A89908 /* ExternalAccessory.framework */,
				B38B97381ECC89BB00A89908 /* Foundation.framework */,
				B38B97361ECC89B100A89908 /* AdSupport.framework */,
				B38B97341ECC896C00A89908 /* CoreLocation.framework */,
				B38B97321ECC896600A89908 /* SystemConfiguration.framework */,
				B38B97301ECC895D00A89908 /* CoreTelephony.framework */,
				B38B972D1ECC895500A89908 /* npsSdk.xcodeproj */,
			);
			name = Frameworks;
			sourceTree = "<group>";
		};
		B38B972E1ECC895500A89908 /* Products */ = {
			isa = PBXGroup;
			children = (
			);
			name = Products;
			sourceTree = "<group>";
		};
		B3DBD4601ECB20A3000A7739 = {
			isa = PBXGroup;
			children = (
				B3DBD46C1ECB20A3000A7739 /* npsSdk */,
				B3DBD4771ECB20A3000A7739 /* npsSdkTests */,
				B3DBD46B1ECB20A3000A7739 /* Products */,
				37D2DCC53C1D6A00613CF4A2 /* Frameworks */,
			);
			sourceTree = "<group>";
		};
		B3DBD46B1ECB20A3000A7739 /* Products */ = {
			isa = PBXGroup;
			children = (
				B3DBD46A1ECB20A3000A7739 /* npsSdk.framework */,
				B3DBD4731ECB20A3000A7739 /* npsSdkTests.xctest */,
			);
			name = Products;
			sourceTree = "<group>";
		};
		B3DBD46C1ECB20A3000A7739 /* npsSdk */ = {
			isa = PBXGroup;
			children = (
				B30A22B32469D87800635AFF /* FraudForce.h */,
				B3EADBBE1EF802AB00386E16 /* DevicePrint.h */,
				B38B96CF1ECC849800A89908 /* NpsAddress.h */,
				B38B96D01ECC849800A89908 /* NpsAddress.m */,
				B38B96D11ECC849800A89908 /* NpsBilling.h */,
				B38B96D21ECC849800A89908 /* NpsBilling.m */,
				B38B96D31ECC849800A89908 /* NpsCardDetails.h */,
				B38B96D41ECC849800A89908 /* NpsCardDetails.m */,
				B38B96D51ECC849800A89908 /* NpsConfiguration.h */,
				B38B96D61ECC849800A89908 /* NpsConfiguration.m */,
				B38B96D71ECC849800A89908 /* NpsCreateClientSession.h */,
				B38B96D81ECC849800A89908 /* NpsCreateClientSession.m */,
				B38B96D91ECC849800A89908 /* NpsCreatePaymentMethodToken.h */,
				B38B96DA1ECC849800A89908 /* NpsCreatePaymentMethodToken.m */,
				B34C2D821EE86B4E005A4DC8 /* NpsGetInstallmentsOptions.h */,
				B34C2D831EE86B4E005A4DC8 /* NpsGetInstallmentsOptions.m */,
				B38B96DB1ECC849800A89908 /* NpsCreatePaymentMethodTokenResponse.h */,
				B38B96DC1ECC849800A89908 /* NpsCreatePaymentMethodTokenResponse.m */,
				B38B96DD1ECC849800A89908 /* NpsEnvironments.h */,
				B38B96DE1ECC849800A89908 /* NpsEnvironments.m */,
				B38B96DF1ECC849800A89908 /* NpsGetIINDetails.h */,
				B38B96E01ECC849800A89908 /* NpsGetIINDetails.m */,
				B38B96E11ECC849800A89908 /* NpsGetIINDetailsResponse.h */,
				B38B96E21ECC849800A89908 /* NpsGetIINDetailsResponse.m */,
				B34C2D861EE86B9F005A4DC8 /* NpsGetInstallmentsOptionsResponse.h */,
				B34C2D871EE86B9F005A4DC8 /* NpsGetInstallmentsOptionsResponse.m */,
				B3EADBB71EEEC27500386E16 /* NpsInstallments.h */,
				B3EADBB81EEEC27500386E16 /* NpsInstallments.m */,
				B34C2D7E1EE849C3005A4DC8 /* NpsGetProductResponse.h */,
				B34C2D7F1EE849C3005A4DC8 /* NpsGetProductResponse.m */,
				B38B96E31ECC849800A89908 /* NpsMethod.h */,
				B38B96E41ECC849800A89908 /* NpsMethod.m */,
				B38B96E51ECC849800A89908 /* NpsMethodResponse.h */,
				B38B96E61ECC849800A89908 /* NpsMethodResponse.m */,
				B38B96E71ECC849800A89908 /* NpsSoapClient.h */,
				B38B96E81ECC849800A89908 /* NpsSoapClient.m */,
				B38B96E91ECC849800A89908 /* NpsPerson.h */,
				B38B96EA1ECC849800A89908 /* NpsPerson.m */,
				B38B96EB1ECC849800A89908 /* NpsRecachePaymentMethodToken.h */,
				B38B96F11ECC849800A89908 /* NpsRetrievePaymentMethodTokenResponse.h */,
				B38B96EC1ECC849800A89908 /* NpsRecachePaymentMethodToken.m */,
				B38B96ED1ECC849800A89908 /* NpsRecachePaymentMethodTokenResponse.h */,
				B38B96EE1ECC849800A89908 /* NpsRecachePaymentMethodTokenResponse.m */,
				B38B96EF1ECC849800A89908 /* NpsRetrievePaymentMethodToken.h */,
				B38B96F01ECC849800A89908 /* NpsRetrievePaymentMethodToken.m */,
				B38B96F21ECC849800A89908 /* NpsRetrievePaymentMethodTokenResponse.m */,
				B38B96F31ECC849800A89908 /* NpsRootParameters.h */,
				B38B96F41ECC849800A89908 /* NpsRootParameters.m */,
				B38B96F51ECC849800A89908 /* STHTTPRequest.h */,
				B38B96F61ECC849800A89908 /* STHTTPRequest.m */,
				B38B96F71ECC849800A89908 /* NpsUtilities.h */,
				B38B96F81ECC849800A89908 /* NpsUtilities.m */,
				B38B96F91ECC849800A89908 /* NpsXmlNode.h */,
				B38B96FA1ECC849800A89908 /* NpsXmlNode.m */,
				B38B96FB1ECC849800A89908 /* XMLReader.h */,
				B38B96FC1ECC849800A89908 /* XMLReader.m */,
				B3DBD4CD1ECC751B000A7739 /* npsSdk.podspec */,
				B3DBD4CE1ECC751B000A7739 /* Podfile */,
				B3DBD4BA1ECB3662000A7739 /* Nps.h */,
				B3DBD4BB1ECB3662000A7739 /* Nps.m */,
				B3DBD4BC1ECB3662000A7739 /* README.md */,
				B3DBD46D1ECB20A3000A7739 /* npsSdk.h */,
				B3DBD46E1ECB20A3000A7739 /* Info.plist */,
				B3DBD4D11ECC75B1000A7739 /* LICENCE */,
			);
			path = npsSdk;
			sourceTree = "<group>";
		};
		B3DBD4771ECB20A3000A7739 /* npsSdkTests */ = {
			isa = PBXGroup;
			children = (
				B3DBD4781ECB20A3000A7739 /* npsSdkTests.m */,
				B3DBD47A1ECB20A3000A7739 /* Info.plist */,
			);
			path = npsSdkTests;
			sourceTree = "<group>";
		};
/* End PBXGroup section */

/* Begin PBXHeadersBuildPhase section */
		B3DBD4671ECB20A3000A7739 /* Headers */ = {
			isa = PBXHeadersBuildPhase;
			buildActionMask = 2147483647;
			files = (
				B38B97051ECC849800A89908 /* NpsCreateClientSession.h in Headers */,
				B38B97151ECC849800A89908 /* NpsSoapClient.h in Headers */,
				B34C2D801EE849C3005A4DC8 /* NpsGetProductResponse.h in Headers */,
				B38B96FF1ECC849800A89908 /* NpsBilling.h in Headers */,
				B38B97031ECC849800A89908 /* NpsConfiguration.h in Headers */,
				B38B97111ECC849800A89908 /* NpsMethod.h in Headers */,
				B38B97171ECC849800A89908 /* NpsPerson.h in Headers */,
				B38B97271ECC849800A89908 /* NpsXmlNode.h in Headers */,
				B38B96FD1ECC849800A89908 /* NpsAddress.h in Headers */,
				B38B97231ECC849800A89908 /* STHTTPRequest.h in Headers */,
				B34C2D881EE86B9F005A4DC8 /* NpsGetInstallmentsOptionsResponse.h in Headers */,
				B38B970B1ECC849800A89908 /* NpsEnvironments.h in Headers */,
				B34C2D841EE86B4E005A4DC8 /* NpsGetInstallmentsOptions.h in Headers */,
				B38B97131ECC849800A89908 /* NpsMethodResponse.h in Headers */,
				B38B97211ECC849800A89908 /* NpsRootParameters.h in Headers */,
				B3EADBB91EEEC27500386E16 /* NpsInstallments.h in Headers */,
				B38B97291ECC849800A89908 /* XMLReader.h in Headers */,
				B30A22B42469D87900635AFF /* FraudForce.h in Headers */,
				B38B971D1ECC849800A89908 /* NpsRetrievePaymentMethodToken.h in Headers */,
				B38B97071ECC849800A89908 /* NpsCreatePaymentMethodToken.h in Headers */,
				B38B971F1ECC849800A89908 /* NpsRetrievePaymentMethodTokenResponse.h in Headers */,
				B38B97191ECC849800A89908 /* NpsRecachePaymentMethodToken.h in Headers */,
				B38B97091ECC849800A89908 /* NpsCreatePaymentMethodTokenResponse.h in Headers */,
				B38B970D1ECC849800A89908 /* NpsGetIINDetails.h in Headers */,
				B38B97011ECC849800A89908 /* NpsCardDetails.h in Headers */,
				B3DBD4C31ECB3662000A7739 /* Nps.h in Headers */,
				B38B97251ECC849800A89908 /* NpsUtilities.h in Headers */,
				B3EADBC01EF802AB00386E16 /* DevicePrint.h in Headers */,
				B38B970F1ECC849800A89908 /* NpsGetIINDetailsResponse.h in Headers */,
				B3DBD47B1ECB20A3000A7739 /* npsSdk.h in Headers */,
				B38B971B1ECC849800A89908 /* NpsRecachePaymentMethodTokenResponse.h in Headers */,
			);
			runOnlyForDeploymentPostprocessing = 0;
		};
/* End PBXHeadersBuildPhase section */

/* Begin PBXNativeTarget section */
		B3DBD4691ECB20A3000A7739 /* npsSdk */ = {
			isa = PBXNativeTarget;
			buildConfigurationList = B3DBD47E1ECB20A3000A7739 /* Build configuration list for PBXNativeTarget "npsSdk" */;
			buildPhases = (
				B3DBD4651ECB20A3000A7739 /* Sources */,
				B3DBD4661ECB20A3000A7739 /* Frameworks */,
				B3DBD4671ECB20A3000A7739 /* Headers */,
				B3DBD4681ECB20A3000A7739 /* Resources */,
				B30A22B82469D8BF00635AFF /* Embed Frameworks */,
			);
			buildRules = (
			);
			dependencies = (
			);
			name = npsSdk;
			productName = npsSdk;
			productReference = B3DBD46A1ECB20A3000A7739 /* npsSdk.framework */;
			productType = "com.apple.product-type.framework";
		};
		B3DBD4721ECB20A3000A7739 /* npsSdkTests */ = {
			isa = PBXNativeTarget;
			buildConfigurationList = B3DBD4811ECB20A3000A7739 /* Build configuration list for PBXNativeTarget "npsSdkTests" */;
			buildPhases = (
				B3DBD46F1ECB20A3000A7739 /* Sources */,
				B3DBD4701ECB20A3000A7739 /* Frameworks */,
				B3DBD4711ECB20A3000A7739 /* Resources */,
			);
			buildRules = (
			);
			dependencies = (
				B3DBD4761ECB20A3000A7739 /* PBXTargetDependency */,
			);
			name = npsSdkTests;
			productName = npsSdkTests;
			productReference = B3DBD4731ECB20A3000A7739 /* npsSdkTests.xctest */;
			productType = "com.apple.product-type.bundle.unit-test";
		};
/* End PBXNativeTarget section */

/* Begin PBXProject section */
		B3DBD4611ECB20A3000A7739 /* Project object */ = {
			isa = PBXProject;
			attributes = {
				LastUpgradeCheck = 0820;
				ORGANIZATIONNAME = "Gustavo Diaz";
				TargetAttributes = {
					B3DBD4691ECB20A3000A7739 = {
						CreatedOnToolsVersion = 8.2.1;
						ProvisioningStyle = Automatic;
					};
					B3DBD4721ECB20A3000A7739 = {
						CreatedOnToolsVersion = 8.2.1;
						ProvisioningStyle = Automatic;
					};
				};
			};
			buildConfigurationList = B3DBD4641ECB20A3000A7739 /* Build configuration list for PBXProject "npsSdk" */;
			compatibilityVersion = "Xcode 3.2";
			developmentRegion = English;
			hasScannedForEncodings = 0;
			knownRegions = (
				English,
				en,
			);
			mainGroup = B3DBD4601ECB20A3000A7739;
			productRefGroup = B3DBD46B1ECB20A3000A7739 /* Products */;
			projectDirPath = "";
			projectReferences = (
				{
					ProductGroup = B38B972E1ECC895500A89908 /* Products */;
					ProjectRef = B38B972D1ECC895500A89908 /* npsSdk.xcodeproj */;
				},
			);
			projectRoot = "";
			targets = (
				B3DBD4691ECB20A3000A7739 /* npsSdk */,
				B3DBD4721ECB20A3000A7739 /* npsSdkTests */,
			);
		};
/* End PBXProject section */

/* Begin PBXResourcesBuildPhase section */
		B3DBD4681ECB20A3000A7739 /* Resources */ = {
			isa = PBXResourcesBuildPhase;
			buildActionMask = 2147483647;
			files = (
				B3DBD4D21ECC75B1000A7739 /* LICENCE in Resources */,
				B3DBD4D01ECC751B000A7739 /* Podfile in Resources */,
				B3DBD4CF1ECC751B000A7739 /* npsSdk.podspec in Resources */,
			);
			runOnlyForDeploymentPostprocessing = 0;
		};
		B3DBD4711ECB20A3000A7739 /* Resources */ = {
			isa = PBXResourcesBuildPhase;
			buildActionMask = 2147483647;
			files = (
			);
			runOnlyForDeploymentPostprocessing = 0;
		};
/* End PBXResourcesBuildPhase section */

/* Begin PBXSourcesBuildPhase section */
		B3DBD4651ECB20A3000A7739 /* Sources */ = {
			isa = PBXSourcesBuildPhase;
			buildActionMask = 2147483647;
			files = (
				B38B97161ECC849800A89908 /* NpsSoapClient.m in Sources */,
				B38B96FE1ECC849800A89908 /* NpsAddress.m in Sources */,
				B38B97121ECC849800A89908 /* NpsMethod.m in Sources */,
				B38B97281ECC849800A89908 /* NpsXmlNode.m in Sources */,
				B38B97081ECC849800A89908 /* NpsCreatePaymentMethodToken.m in Sources */,
				B38B971E1ECC849800A89908 /* NpsRetrievePaymentMethodToken.m in Sources */,
				B38B971A1ECC849800A89908 /* NpsRecachePaymentMethodToken.m in Sources */,
				B38B972A1ECC849800A89908 /* XMLReader.m in Sources */,
				B38B97261ECC849800A89908 /* NpsUtilities.m in Sources */,
				B38B97001ECC849800A89908 /* NpsBilling.m in Sources */,
				B38B970A1ECC849800A89908 /* NpsCreatePaymentMethodTokenResponse.m in Sources */,
				B38B97021ECC849800A89908 /* NpsCardDetails.m in Sources */,
				B34C2D851EE86B4E005A4DC8 /* NpsGetInstallmentsOptions.m in Sources */,
				B38B971C1ECC849800A89908 /* NpsRecachePaymentMethodTokenResponse.m in Sources */,
				B34C2D811EE849C3005A4DC8 /* NpsGetProductResponse.m in Sources */,
				B3EADBBA1EEEC27500386E16 /* NpsInstallments.m in Sources */,
				B38B97221ECC849800A89908 /* NpsRootParameters.m in Sources */,
				B38B97061ECC849800A89908 /* NpsCreateClientSession.m in Sources */,
				B38B97141ECC849800A89908 /* NpsMethodResponse.m in Sources */,
				B3DBD4C51ECB3662000A7739 /* README.md in Sources */,
				B38B97181ECC849800A89908 /* NpsPerson.m in Sources */,
				B34C2D891EE86B9F005A4DC8 /* NpsGetInstallmentsOptionsResponse.m in Sources */,
				B38B97101ECC849800A89908 /* NpsGetIINDetailsResponse.m in Sources */,
				B38B970E1ECC849800A89908 /* NpsGetIINDetails.m in Sources */,
				B38B97201ECC849800A89908 /* NpsRetrievePaymentMethodTokenResponse.m in Sources */,
				B38B97241ECC849800A89908 /* STHTTPRequest.m in Sources */,
				B38B97041ECC849800A89908 /* NpsConfiguration.m in Sources */,
				B3DBD4C41ECB3662000A7739 /* Nps.m in Sources */,
				B38B970C1ECC849800A89908 /* NpsEnvironments.m in Sources */,
			);
			runOnlyForDeploymentPostprocessing = 0;
		};
		B3DBD46F1ECB20A3000A7739 /* Sources */ = {
			isa = PBXSourcesBuildPhase;
			buildActionMask = 2147483647;
			files = (
				B3DBD4791ECB20A3000A7739 /* npsSdkTests.m in Sources */,
			);
			runOnlyForDeploymentPostprocessing = 0;
		};
/* End PBXSourcesBuildPhase section */

/* Begin PBXTargetDependency section */
		B3DBD4761ECB20A3000A7739 /* PBXTargetDependency */ = {
			isa = PBXTargetDependency;
			target = B3DBD4691ECB20A3000A7739 /* npsSdk */;
			targetProxy = B3DBD4751ECB20A3000A7739 /* PBXContainerItemProxy */;
		};
/* End PBXTargetDependency section */

/* Begin XCBuildConfiguration section */
		B3DBD47C1ECB20A3000A7739 /* Debug */ = {
			isa = XCBuildConfiguration;
			buildSettings = {
				ALWAYS_SEARCH_USER_PATHS = NO;
				CLANG_ANALYZER_NONNULL = YES;
				CLANG_CXX_LANGUAGE_STANDARD = "gnu++0x";
				CLANG_CXX_LIBRARY = "libc++";
				CLANG_ENABLE_MODULES = YES;
				CLANG_ENABLE_OBJC_ARC = YES;
				CLANG_WARN_BOOL_CONVERSION = YES;
				CLANG_WARN_CONSTANT_CONVERSION = YES;
				CLANG_WARN_DIRECT_OBJC_ISA_USAGE = YES_ERROR;
				CLANG_WARN_DOCUMENTATION_COMMENTS = YES;
				CLANG_WARN_EMPTY_BODY = YES;
				CLANG_WARN_ENUM_CONVERSION = YES;
				CLANG_WARN_INFINITE_RECURSION = YES;
				CLANG_WARN_INT_CONVERSION = YES;
				CLANG_WARN_OBJC_ROOT_CLASS = YES_ERROR;
				CLANG_WARN_SUSPICIOUS_MOVE = YES;
				CLANG_WARN_UNREACHABLE_CODE = YES;
				CLANG_WARN__DUPLICATE_METHOD_MATCH = YES;
				"CODE_SIGN_IDENTITY[sdk=iphoneos*]" = "iPhone Developer";
				COPY_PHASE_STRIP = NO;
				CURRENT_PROJECT_VERSION = 1;
				DEBUG_INFORMATION_FORMAT = dwarf;
				ENABLE_BITCODE = NO;
				ENABLE_STRICT_OBJC_MSGSEND = YES;
				ENABLE_TESTABILITY = YES;
				GCC_C_LANGUAGE_STANDARD = gnu99;
				GCC_DYNAMIC_NO_PIC = NO;
				GCC_NO_COMMON_BLOCKS = YES;
				GCC_OPTIMIZATION_LEVEL = 0;
				GCC_PREPROCESSOR_DEFINITIONS = (
					"DEBUG=1",
					"$(inherited)",
				);
				GCC_WARN_64_TO_32_BIT_CONVERSION = YES;
				GCC_WARN_ABOUT_RETURN_TYPE = YES_ERROR;
				GCC_WARN_UNDECLARED_SELECTOR = YES;
				GCC_WARN_UNINITIALIZED_AUTOS = YES_AGGRESSIVE;
				GCC_WARN_UNUSED_FUNCTION = YES;
				GCC_WARN_UNUSED_VARIABLE = YES;
				IPHONEOS_DEPLOYMENT_TARGET = 10.2;
				MTL_ENABLE_DEBUG_INFO = YES;
				ONLY_ACTIVE_ARCH = NO;
				SDKROOT = iphoneos;
				TARGETED_DEVICE_FAMILY = "1,2";
				VERSIONING_SYSTEM = "apple-generic";
				VERSION_INFO_PREFIX = "";
			};
			name = Debug;
		};
		B3DBD47D1ECB20A3000A7739 /* Release */ = {
			isa = XCBuildConfiguration;
			buildSettings = {
				ALWAYS_SEARCH_USER_PATHS = NO;
				CLANG_ANALYZER_NONNULL = YES;
				CLANG_CXX_LANGUAGE_STANDARD = "gnu++0x";
				CLANG_CXX_LIBRARY = "libc++";
				CLANG_ENABLE_MODULES = YES;
				CLANG_ENABLE_OBJC_ARC = YES;
				CLANG_WARN_BOOL_CONVERSION = YES;
				CLANG_WARN_CONSTANT_CONVERSION = YES;
				CLANG_WARN_DIRECT_OBJC_ISA_USAGE = YES_ERROR;
				CLANG_WARN_DOCUMENTATION_COMMENTS = YES;
				CLANG_WARN_EMPTY_BODY = YES;
				CLANG_WARN_ENUM_CONVERSION = YES;
				CLANG_WARN_INFINITE_RECURSION = YES;
				CLANG_WARN_INT_CONVERSION = YES;
				CLANG_WARN_OBJC_ROOT_CLASS = YES_ERROR;
				CLANG_WARN_SUSPICIOUS_MOVE = YES;
				CLANG_WARN_UNREACHABLE_CODE = YES;
				CLANG_WARN__DUPLICATE_METHOD_MATCH = YES;
				"CODE_SIGN_IDENTITY[sdk=iphoneos*]" = "iPhone Developer";
				COPY_PHASE_STRIP = NO;
				CURRENT_PROJECT_VERSION = 1;
				DEBUG_INFORMATION_FORMAT = "dwarf-with-dsym";
				ENABLE_BITCODE = NO;
				ENABLE_NS_ASSERTIONS = NO;
				ENABLE_STRICT_OBJC_MSGSEND = YES;
				GCC_C_LANGUAGE_STANDARD = gnu99;
				GCC_NO_COMMON_BLOCKS = YES;
				GCC_WARN_64_TO_32_BIT_CONVERSION = YES;
				GCC_WARN_ABOUT_RETURN_TYPE = YES_ERROR;
				GCC_WARN_UNDECLARED_SELECTOR = YES;
				GCC_WARN_UNINITIALIZED_AUTOS = YES_AGGRESSIVE;
				GCC_WARN_UNUSED_FUNCTION = YES;
				GCC_WARN_UNUSED_VARIABLE = YES;
				IPHONEOS_DEPLOYMENT_TARGET = 10.2;
				MTL_ENABLE_DEBUG_INFO = NO;
				ONLY_ACTIVE_ARCH = NO;
				SDKROOT = iphoneos;
				TARGETED_DEVICE_FAMILY = "1,2";
				VALIDATE_PRODUCT = YES;
				VERSIONING_SYSTEM = "apple-generic";
				VERSION_INFO_PREFIX = "";
			};
			name = Release;
		};
		B3DBD47F1ECB20A3000A7739 /* Debug */ = {
			isa = XCBuildConfiguration;
			buildSettings = {
				CODE_SIGN_IDENTITY = "";
				DEFINES_MODULE = YES;
				DYLIB_COMPATIBILITY_VERSION = 1;
				DYLIB_CURRENT_VERSION = 1;
				DYLIB_INSTALL_NAME_BASE = "@rpath";
				FRAMEWORK_SEARCH_PATHS = (
					"$(inherited)",
					"$(PROJECT_DIR)/Frameworks",
					"$(PROJECT_DIR)/Carthage/Build/iOS",
				);
				HEADER_SEARCH_PATHS = (
					"$(inherited)",
					"\"${PODS_ROOT}/Headers/Public\"",
					"\"${SRCROOT}\"/**",
				);
				INFOPLIST_FILE = npsSdk/Info.plist;
				INSTALL_PATH = "$(LOCAL_LIBRARY_DIR)/Frameworks";
				LD_RUNPATH_SEARCH_PATHS = "$(inherited) @executable_path/Frameworks @loader_path/Frameworks";
				"OTHER_LDFLAGS[arch=*]" = (
					"$(inherited)",
					"-ObjC",
				);
				PRODUCT_BUNDLE_IDENTIFIER = ar.com.nps.npsSdk;
				PRODUCT_NAME = "$(TARGET_NAME)";
				SKIP_INSTALL = YES;
			};
			name = Debug;
		};
		B3DBD4801ECB20A3000A7739 /* Release */ = {
			isa = XCBuildConfiguration;
			buildSettings = {
				CODE_SIGN_IDENTITY = "";
				DEFINES_MODULE = YES;
				DYLIB_COMPATIBILITY_VERSION = 1;
				DYLIB_CURRENT_VERSION = 1;
				DYLIB_INSTALL_NAME_BASE = "@rpath";
				FRAMEWORK_SEARCH_PATHS = (
					"$(inherited)",
					"$(PROJECT_DIR)/Frameworks",
					"$(PROJECT_DIR)/Carthage/Build/iOS",
				);
				HEADER_SEARCH_PATHS = (
					"$(inherited)",
					"\"${PODS_ROOT}/Headers/Public\"",
					"\"${SRCROOT}\"/**",
				);
				INFOPLIST_FILE = npsSdk/Info.plist;
				INSTALL_PATH = "$(LOCAL_LIBRARY_DIR)/Frameworks";
				LD_RUNPATH_SEARCH_PATHS = "$(inherited) @executable_path/Frameworks @loader_path/Frameworks";
				PRODUCT_BUNDLE_IDENTIFIER = ar.com.nps.npsSdk;
				PRODUCT_NAME = "$(TARGET_NAME)";
				SKIP_INSTALL = YES;
			};
			name = Release;
		};
		B3DBD4821ECB20A3000A7739 /* Debug */ = {
			isa = XCBuildConfiguration;
			buildSettings = {
				INFOPLIST_FILE = npsSdkTests/Info.plist;
				LD_RUNPATH_SEARCH_PATHS = "$(inherited) @executable_path/Frameworks @loader_path/Frameworks";
				PRODUCT_BUNDLE_IDENTIFIER = ar.com.nps.npsSdkTests;
				PRODUCT_NAME = "$(TARGET_NAME)";
			};
			name = Debug;
		};
		B3DBD4831ECB20A3000A7739 /* Release */ = {
			isa = XCBuildConfiguration;
			buildSettings = {
				INFOPLIST_FILE = npsSdkTests/Info.plist;
				LD_RUNPATH_SEARCH_PATHS = "$(inherited) @executable_path/Frameworks @loader_path/Frameworks";
				PRODUCT_BUNDLE_IDENTIFIER = ar.com.nps.npsSdkTests;
				PRODUCT_NAME = "$(TARGET_NAME)";
			};
			name = Release;
		};
/* End XCBuildConfiguration section */

/* Begin XCConfigurationList section */
		B3DBD4641ECB20A3000A7739 /* Build configuration list for PBXProject "npsSdk" */ = {
			isa = XCConfigurationList;
			buildConfigurations = (
				B3DBD47C1ECB20A3000A7739 /* Debug */,
				B3DBD47D1ECB20A3000A7739 /* Release */,
			);
			defaultConfigurationIsVisible = 0;
			defaultConfigurationName = Release;
		};
		B3DBD47E1ECB20A3000A7739 /* Build configuration list for PBXNativeTarget "npsSdk" */ = {
			isa = XCConfigurationList;
			buildConfigurations = (
				B3DBD47F1ECB20A3000A7739 /* Debug */,
				B3DBD4801ECB20A3000A7739 /* Release */,
			);
			defaultConfigurationIsVisible = 0;
			defaultConfigurationName = Release;
		};
		B3DBD4811ECB20A3000A7739 /* Build configuration list for PBXNativeTarget "npsSdkTests" */ = {
			isa = XCConfigurationList;
			buildConfigurations = (
				B3DBD4821ECB20A3000A7739 /* Debug */,
				B3DBD4831ECB20A3000A7739 /* Release */,
			);
			defaultConfigurationIsVisible = 0;
			defaultConfigurationName = Release;
		};
/* End XCConfigurationList section */
	};
	rootObject = B3DBD4611ECB20A3000A7739 /* Project object */;
}
